
Microsoft Visual Studio Solution File, Format Version 12.00
# Visual Studio Version 16
VisualStudioVersion = 16.0.29306.81
MinimumVisualStudioVersion = 10.0.40219.1
Project("{FAE04EC0-301F-11D3-BF4B-00C04F79EFBC}") = "SnakeVer2", "SnakeVer2\SnakeVer2.csproj", "{CEB3CD2D-39C5-4735-A6ED-6F8488D3CA6D}"
EndProject
Global
	GlobalSection(SolutionConfigurationPlatforms) = preSolution
		Debug|Any CPU = Debug|Any CPU
		Release|Any CPU = Release|Any CPU
	EndGlobalSection
	GlobalSection(ProjectConfigurationPlatforms) = postSolution
		{CEB3CD2D-39C5-4735-A6ED-6F8488D3CA6D}.Debug|Any CPU.ActiveCfg = Debug|Any CPU
		{CEB3CD2D-39C5-4735-A6ED-6F8488D3CA6D}.Debug|Any CPU.Build.0 = Debug|Any CPU
		{CEB3CD2D-39C5-4735-A6ED-6F8488D3CA6D}.Release|Any CPU.ActiveCfg = Release|Any CPU
		{CEB3CD2D-39C5-4735-A6ED-6F8488D3CA6D}.Release|Any CPU.Build.0 = Release|Any CPU
	EndGlobalSection
	GlobalSection(SolutionProperties) = preSolution
		HideSolutionNode = FALSE
	EndGlobalSection
	GlobalSection(ExtensibilityGlobals) = postSolution
		SolutionGuid = {16D0CC93-F144-4F29-9176-9CCCF88670CA}
	EndGlobalSection
EndGlobal
